
Microsoft Visual Studio Solution File, Format Version 12.00
# Visual Studio Version 16
VisualStudioVersion = 16.0.29609.76
MinimumVisualStudioVersion = 10.0.40219.1
Project("{9A19103F-16F7-4668-BE54-9A1E7A4F7556}") = "Hackathon API", "Hackathon API.csproj", "{730273F7-C1B0-4198-8699-459034CB4201}"
EndProject
Global
	GlobalSection(SolutionConfigurationPlatforms) = preSolution
		Debug|Any CPU = Debug|Any CPU
		Release|Any CPU = Release|Any CPU
	EndGlobalSection
	GlobalSection(ProjectConfigurationPlatforms) = postSolution
		{730273F7-C1B0-4198-8699-459034CB4201}.Debug|Any CPU.ActiveCfg = Debug|Any CPU
		{730273F7-C1B0-4198-8699-459034CB4201}.Debug|Any CPU.Build.0 = Debug|Any CPU
		{730273F7-C1B0-4198-8699-459034CB4201}.Release|Any CPU.ActiveCfg = Release|Any CPU
		{730273F7-C1B0-4198-8699-459034CB4201}.Release|Any CPU.Build.0 = Release|Any CPU
	EndGlobalSection
	GlobalSection(SolutionProperties) = preSolution
		HideSolutionNode = FALSE
	EndGlobalSection
	GlobalSection(ExtensibilityGlobals) = postSolution
		SolutionGuid = {732BEC74-5032-41AF-A2D4-081DFF9BC156}
	EndGlobalSection
EndGlobal
