
Microsoft Visual Studio Solution File, Format Version 12.00
# Visual Studio Version 16
VisualStudioVersion = 16.0.29409.12
MinimumVisualStudioVersion = 10.0.40219.1
Project("{FAE04EC0-301F-11D3-BF4B-00C04F79EFBC}") = "Stefanini.JF.Hackathon", "Stefanini.JF.Hackathon\Stefanini.JF.Hackathon.csproj", "{2FBDC8DA-77EF-4805-A063-F21986B9DC33}"
EndProject
Global
	GlobalSection(SolutionConfigurationPlatforms) = preSolution
		Debug|Any CPU = Debug|Any CPU
		Release|Any CPU = Release|Any CPU
	EndGlobalSection
	GlobalSection(ProjectConfigurationPlatforms) = postSolution
		{2FBDC8DA-77EF-4805-A063-F21986B9DC33}.Debug|Any CPU.ActiveCfg = Debug|Any CPU
		{2FBDC8DA-77EF-4805-A063-F21986B9DC33}.Debug|Any CPU.Build.0 = Debug|Any CPU
		{2FBDC8DA-77EF-4805-A063-F21986B9DC33}.Release|Any CPU.ActiveCfg = Release|Any CPU
		{2FBDC8DA-77EF-4805-A063-F21986B9DC33}.Release|Any CPU.Build.0 = Release|Any CPU
	EndGlobalSection
	GlobalSection(SolutionProperties) = preSolution
		HideSolutionNode = FALSE
	EndGlobalSection
	GlobalSection(ExtensibilityGlobals) = postSolution
		SolutionGuid = {1990A27E-F169-40FB-949B-DBFB0582DFB8}
	EndGlobalSection
EndGlobal
